
Microsoft Visual Studio Solution File, Format Version 12.00
# Visual Studio Version 16
VisualStudioVersion = 16.0.31019.35
MinimumVisualStudioVersion = 10.0.40219.1
Project("{9A19103F-16F7-4668-BE54-9A1E7A4F7556}") = "LuminousSales", "LuminousSales\LuminousSales.csproj", "{0B102226-3EAB-4DA3-9C1F-4053E4FA2232}"
EndProject
Project("{FAE04EC0-301F-11D3-BF4B-00C04F79EFBC}") = "Models", "Models\Models.csproj", "{40C482BF-B9C4-4460-BB1C-5A90959D1838}"
EndProject
Global
	GlobalSection(SolutionConfigurationPlatforms) = preSolution
		Debug|Any CPU = Debug|Any CPU
		Release|Any CPU = Release|Any CPU
	EndGlobalSection
	GlobalSection(ProjectConfigurationPlatforms) = postSolution
		{0B102226-3EAB-4DA3-9C1F-4053E4FA2232}.Debug|Any CPU.ActiveCfg = Debug|Any CPU
		{0B102226-3EAB-4DA3-9C1F-4053E4FA2232}.Debug|Any CPU.Build.0 = Debug|Any CPU
		{0B102226-3EAB-4DA3-9C1F-4053E4FA2232}.Release|Any CPU.ActiveCfg = Release|Any CPU
		{0B102226-3EAB-4DA3-9C1F-4053E4FA2232}.Release|Any CPU.Build.0 = Release|Any CPU
		{40C482BF-B9C4-4460-BB1C-5A90959D1838}.Debug|Any CPU.ActiveCfg = Debug|Any CPU
		{40C482BF-B9C4-4460-BB1C-5A90959D1838}.Debug|Any CPU.Build.0 = Debug|Any CPU
		{40C482BF-B9C4-4460-BB1C-5A90959D1838}.Release|Any CPU.ActiveCfg = Release|Any CPU
		{40C482BF-B9C4-4460-BB1C-5A90959D1838}.Release|Any CPU.Build.0 = Release|Any CPU
	EndGlobalSection
	GlobalSection(SolutionProperties) = preSolution
		HideSolutionNode = FALSE
	EndGlobalSection
	GlobalSection(ExtensibilityGlobals) = postSolution
		SolutionGuid = {F5593F40-7A40-4E34-9C24-55F41652109B}
	EndGlobalSection
EndGlobal
